{
  "name": "courier-js-sdk-demo",
  "version": "1.0.0",
  "lockfileVersion": 3,
  "requires": true,
  "packages": {
    "": {
      "name": "courier-js-sdk-demo",
      "version": "1.0.0",
      "dependencies": {
        "@trycourier/courier-js": "3.4.0"
      }
    },
    "node_modules/@trycourier/courier-js": {
      "version": "3.4.0",
      "resolved": "https://registry.npmjs.org/@trycourier/courier-js/-/courier-js-3.4.0.tgz",
      "integrity": "sha512-+GKKyzC1q+LuhTPW4l/qIgmnkz0+TIA9Zp1+gnR7nKyK0iO6x9ANPHsTiSHFqEk6dP74vV5C9JSRb+OqNsu9cQ==",
      "license": "MIT"
    }
  }
}
